
Microsoft Visual Studio Solution File, Format Version 12.00
# Visual Studio Version 16
VisualStudioVersion = 16.0.29418.71
MinimumVisualStudioVersion = 10.0.40219.1
Project("{FAE04EC0-301F-11D3-BF4B-00C04F79EFBC}") = "Postman_API", "Postman_API.csproj", "{9388A196-D319-42C5-A376-78D7B64CEE48}"
EndProject
Global
	GlobalSection(SolutionConfigurationPlatforms) = preSolution
		Debug|Any CPU = Debug|Any CPU
		Release|Any CPU = Release|Any CPU
	EndGlobalSection
	GlobalSection(ProjectConfigurationPlatforms) = postSolution
		{9388A196-D319-42C5-A376-78D7B64CEE48}.Debug|Any CPU.ActiveCfg = Debug|Any CPU
		{9388A196-D319-42C5-A376-78D7B64CEE48}.Debug|Any CPU.Build.0 = Debug|Any CPU
		{9388A196-D319-42C5-A376-78D7B64CEE48}.Release|Any CPU.ActiveCfg = Release|Any CPU
		{9388A196-D319-42C5-A376-78D7B64CEE48}.Release|Any CPU.Build.0 = Release|Any CPU
	EndGlobalSection
	GlobalSection(SolutionProperties) = preSolution
		HideSolutionNode = FALSE
	EndGlobalSection
	GlobalSection(ExtensibilityGlobals) = postSolution
		SolutionGuid = {BF3471E9-5C1E-4AEE-86E5-7A3306ABE524}
	EndGlobalSection
EndGlobal
